
Microsoft Visual Studio Solution File, Format Version 12.00
# Visual Studio Version 16
VisualStudioVersion = 16.0.30128.74
MinimumVisualStudioVersion = 10.0.40219.1
Project("{FAE04EC0-301F-11D3-BF4B-00C04F79EFBC}") = "Project_transport_optimisation", "Project_transport_optimisation\Project_transport_optimisation.csproj", "{17142856-97B0-4ABF-89A5-DC1805559623}"
EndProject
Global
	GlobalSection(SolutionConfigurationPlatforms) = preSolution
		Debug|Any CPU = Debug|Any CPU
		Release|Any CPU = Release|Any CPU
	EndGlobalSection
	GlobalSection(ProjectConfigurationPlatforms) = postSolution
		{17142856-97B0-4ABF-89A5-DC1805559623}.Debug|Any CPU.ActiveCfg = Debug|Any CPU
		{17142856-97B0-4ABF-89A5-DC1805559623}.Debug|Any CPU.Build.0 = Debug|Any CPU
		{17142856-97B0-4ABF-89A5-DC1805559623}.Release|Any CPU.ActiveCfg = Release|Any CPU
		{17142856-97B0-4ABF-89A5-DC1805559623}.Release|Any CPU.Build.0 = Release|Any CPU
	EndGlobalSection
	GlobalSection(SolutionProperties) = preSolution
		HideSolutionNode = FALSE
	EndGlobalSection
	GlobalSection(ExtensibilityGlobals) = postSolution
		SolutionGuid = {E88800A5-FC0C-449E-BC7B-0D2347D2A7F9}
	EndGlobalSection
EndGlobal
